<Solution>
  <Folder Name="/Solution Items/">
    <File Path="Directory.Build.props" />
    <File Path="Directory.Packages.props" />
  </Folder>
  <Folder Name="/src/">
    <Project Path="Application/Application.csproj" Id="0b81bfac-2156-4c98-9b8c-8bd14fa2c0db" />
    <Project Path="Domain/Domain.csproj" Id="034b65d4-41bf-4907-9994-904e3e7c9318" />
    <Project Path="Infrastructure/Infrastructure.csproj" Id="b105ffc6-1b26-47ce-8d83-057106de2897" />
    <Project Path="UI.Blazor.ComponentsLibrary/UI.Blazor.ComponentsLibrary.csproj" Id="32956614-9bbf-4150-a20c-d3dfb708a563" />
    <Project Path="UI.Blazor/UI.Blazor.csproj" />
    <Project Path="WebApi/WebApi.csproj" Id="4f31eadb-67c8-45ab-ba91-bbed17223a44" />
  </Folder>
</Solution>
